
Microsoft Visual Studio Solution File, Format Version 12.00
# Visual Studio Version 17
VisualStudioVersion = 17.3.32922.545
MinimumVisualStudioVersion = 10.0.40219.1
Project("{FAE04EC0-301F-11D3-BF4B-00C04F79EFBC}") = "ChainOfResponsability", "Chain.Of.Responsability\ChainOfResponsability.csproj", "{07F9406D-33F2-479F-8BA0-538691FEA32B}"
EndProject
Project("{FAE04EC0-301F-11D3-BF4B-00C04F79EFBC}") = "State", "State\State.csproj", "{F3CA42B0-EF9A-4F2B-B083-07277F98F75A}"
EndProject
Project("{2150E333-8FDC-42A3-9474-1A3956D46DE8}") = "Structural Design Pattern", "Structural Design Pattern", "{B9DDC2AB-86FF-4D86-8135-212C0A8A7E6F}"
EndProject
Project("{FAE04EC0-301F-11D3-BF4B-00C04F79EFBC}") = "Decorator", "Decorator\Decorator.csproj", "{9D961989-5E7A-4F65-83BA-F01555D07DA8}"
EndProject
Project("{FAE04EC0-301F-11D3-BF4B-00C04F79EFBC}") = "Bridge", "Bridge\Bridge.csproj", "{7604F6C1-4921-4AC2-85F6-FCA6C677758C}"
EndProject
Project("{FAE04EC0-301F-11D3-BF4B-00C04F79EFBC}") = "Iterator", "Iterator\Iterator.csproj", "{AC052A79-E245-4FF5-AEDF-751B93598278}"
EndProject
Project("{FAE04EC0-301F-11D3-BF4B-00C04F79EFBC}") = "Observer", "Observer\Observer.csproj", "{A43AEF29-8FE8-4BC4-9363-533D3930D234}"
EndProject
Project("{2150E333-8FDC-42A3-9474-1A3956D46DE8}") = "Behavioral Design Pattern", "Behavioral Design Pattern", "{46A440E1-65C2-4B76-BFA7-2CC5E5822BDE}"
EndProject
Project("{FAE04EC0-301F-11D3-BF4B-00C04F79EFBC}") = "Strategy", "Strategy\Strategy.csproj", "{2064D700-0C74-4759-8E7E-D9E5990AAE46}"
EndProject
Project("{FAE04EC0-301F-11D3-BF4B-00C04F79EFBC}") = "Visitor", "Visitor\Visitor.csproj", "{5495F33F-9AAD-47D9-8D7E-02C43DE36FE2}"
EndProject
Project("{FAE04EC0-301F-11D3-BF4B-00C04F79EFBC}") = "Interpreter", "Interpreter\Interpreter.csproj", "{3055BBBE-DF3D-40E7-9664-09F5BE38F5EF}"
EndProject
Project("{FAE04EC0-301F-11D3-BF4B-00C04F79EFBC}") = "Mediator", "Mediator\Mediator.csproj", "{B69D9A28-F091-4DDE-8D43-AEED370CBD51}"
EndProject
Global
	GlobalSection(SolutionConfigurationPlatforms) = preSolution
		Debug|Any CPU = Debug|Any CPU
		Release|Any CPU = Release|Any CPU
	EndGlobalSection
	GlobalSection(ProjectConfigurationPlatforms) = postSolution
		{07F9406D-33F2-479F-8BA0-538691FEA32B}.Debug|Any CPU.ActiveCfg = Debug|Any CPU
		{07F9406D-33F2-479F-8BA0-538691FEA32B}.Debug|Any CPU.Build.0 = Debug|Any CPU
		{07F9406D-33F2-479F-8BA0-538691FEA32B}.Release|Any CPU.ActiveCfg = Release|Any CPU
		{07F9406D-33F2-479F-8BA0-538691FEA32B}.Release|Any CPU.Build.0 = Release|Any CPU
		{F3CA42B0-EF9A-4F2B-B083-07277F98F75A}.Debug|Any CPU.ActiveCfg = Debug|Any CPU
		{F3CA42B0-EF9A-4F2B-B083-07277F98F75A}.Debug|Any CPU.Build.0 = Debug|Any CPU
		{F3CA42B0-EF9A-4F2B-B083-07277F98F75A}.Release|Any CPU.ActiveCfg = Release|Any CPU
		{F3CA42B0-EF9A-4F2B-B083-07277F98F75A}.Release|Any CPU.Build.0 = Release|Any CPU
		{9D961989-5E7A-4F65-83BA-F01555D07DA8}.Debug|Any CPU.ActiveCfg = Debug|Any CPU
		{9D961989-5E7A-4F65-83BA-F01555D07DA8}.Debug|Any CPU.Build.0 = Debug|Any CPU
		{9D961989-5E7A-4F65-83BA-F01555D07DA8}.Release|Any CPU.ActiveCfg = Release|Any CPU
		{9D961989-5E7A-4F65-83BA-F01555D07DA8}.Release|Any CPU.Build.0 = Release|Any CPU
		{7604F6C1-4921-4AC2-85F6-FCA6C677758C}.Debug|Any CPU.ActiveCfg = Debug|Any CPU
		{7604F6C1-4921-4AC2-85F6-FCA6C677758C}.Debug|Any CPU.Build.0 = Debug|Any CPU
		{7604F6C1-4921-4AC2-85F6-FCA6C677758C}.Release|Any CPU.ActiveCfg = Release|Any CPU
		{7604F6C1-4921-4AC2-85F6-FCA6C677758C}.Release|Any CPU.Build.0 = Release|Any CPU
		{AC052A79-E245-4FF5-AEDF-751B93598278}.Debug|Any CPU.ActiveCfg = Debug|Any CPU
		{AC052A79-E245-4FF5-AEDF-751B93598278}.Debug|Any CPU.Build.0 = Debug|Any CPU
		{AC052A79-E245-4FF5-AEDF-751B93598278}.Release|Any CPU.ActiveCfg = Release|Any CPU
		{AC052A79-E245-4FF5-AEDF-751B93598278}.Release|Any CPU.Build.0 = Release|Any CPU
		{A43AEF29-8FE8-4BC4-9363-533D3930D234}.Debug|Any CPU.ActiveCfg = Debug|Any CPU
		{A43AEF29-8FE8-4BC4-9363-533D3930D234}.Debug|Any CPU.Build.0 = Debug|Any CPU
		{A43AEF29-8FE8-4BC4-9363-533D3930D234}.Release|Any CPU.ActiveCfg = Release|Any CPU
		{A43AEF29-8FE8-4BC4-9363-533D3930D234}.Release|Any CPU.Build.0 = Release|Any CPU
		{2064D700-0C74-4759-8E7E-D9E5990AAE46}.Debug|Any CPU.ActiveCfg = Debug|Any CPU
		{2064D700-0C74-4759-8E7E-D9E5990AAE46}.Debug|Any CPU.Build.0 = Debug|Any CPU
		{2064D700-0C74-4759-8E7E-D9E5990AAE46}.Release|Any CPU.ActiveCfg = Release|Any CPU
		{2064D700-0C74-4759-8E7E-D9E5990AAE46}.Release|Any CPU.Build.0 = Release|Any CPU
		{5495F33F-9AAD-47D9-8D7E-02C43DE36FE2}.Debug|Any CPU.ActiveCfg = Debug|Any CPU
		{5495F33F-9AAD-47D9-8D7E-02C43DE36FE2}.Debug|Any CPU.Build.0 = Debug|Any CPU
		{5495F33F-9AAD-47D9-8D7E-02C43DE36FE2}.Release|Any CPU.ActiveCfg = Release|Any CPU
		{5495F33F-9AAD-47D9-8D7E-02C43DE36FE2}.Release|Any CPU.Build.0 = Release|Any CPU
		{3055BBBE-DF3D-40E7-9664-09F5BE38F5EF}.Debug|Any CPU.ActiveCfg = Debug|Any CPU
		{3055BBBE-DF3D-40E7-9664-09F5BE38F5EF}.Debug|Any CPU.Build.0 = Debug|Any CPU
		{3055BBBE-DF3D-40E7-9664-09F5BE38F5EF}.Release|Any CPU.ActiveCfg = Release|Any CPU
		{3055BBBE-DF3D-40E7-9664-09F5BE38F5EF}.Release|Any CPU.Build.0 = Release|Any CPU
		{B69D9A28-F091-4DDE-8D43-AEED370CBD51}.Debug|Any CPU.ActiveCfg = Debug|Any CPU
		{B69D9A28-F091-4DDE-8D43-AEED370CBD51}.Debug|Any CPU.Build.0 = Debug|Any CPU
		{B69D9A28-F091-4DDE-8D43-AEED370CBD51}.Release|Any CPU.ActiveCfg = Release|Any CPU
		{B69D9A28-F091-4DDE-8D43-AEED370CBD51}.Release|Any CPU.Build.0 = Release|Any CPU
	EndGlobalSection
	GlobalSection(SolutionProperties) = preSolution
		HideSolutionNode = FALSE
	EndGlobalSection
	GlobalSection(NestedProjects) = preSolution
		{07F9406D-33F2-479F-8BA0-538691FEA32B} = {46A440E1-65C2-4B76-BFA7-2CC5E5822BDE}
		{F3CA42B0-EF9A-4F2B-B083-07277F98F75A} = {46A440E1-65C2-4B76-BFA7-2CC5E5822BDE}
		{9D961989-5E7A-4F65-83BA-F01555D07DA8} = {B9DDC2AB-86FF-4D86-8135-212C0A8A7E6F}
		{7604F6C1-4921-4AC2-85F6-FCA6C677758C} = {B9DDC2AB-86FF-4D86-8135-212C0A8A7E6F}
		{AC052A79-E245-4FF5-AEDF-751B93598278} = {46A440E1-65C2-4B76-BFA7-2CC5E5822BDE}
		{A43AEF29-8FE8-4BC4-9363-533D3930D234} = {46A440E1-65C2-4B76-BFA7-2CC5E5822BDE}
		{2064D700-0C74-4759-8E7E-D9E5990AAE46} = {46A440E1-65C2-4B76-BFA7-2CC5E5822BDE}
		{5495F33F-9AAD-47D9-8D7E-02C43DE36FE2} = {46A440E1-65C2-4B76-BFA7-2CC5E5822BDE}
		{3055BBBE-DF3D-40E7-9664-09F5BE38F5EF} = {46A440E1-65C2-4B76-BFA7-2CC5E5822BDE}
		{B69D9A28-F091-4DDE-8D43-AEED370CBD51} = {46A440E1-65C2-4B76-BFA7-2CC5E5822BDE}
	EndGlobalSection
	GlobalSection(ExtensibilityGlobals) = postSolution
		SolutionGuid = {717B62FA-9174-4623-B72E-E62D1D44EC87}
	EndGlobalSection
EndGlobal
